
Microsoft Visual Studio Solution File, Format Version 12.00
# Visual Studio Version 17
VisualStudioVersion = 17.9.34622.214
MinimumVisualStudioVersion = 10.0.40219.1
Project("{8BC9CEB8-8B4A-11D0-8D11-00A0C91BC942}") = "_all", "_prj_msvc2022\_all.vcxproj", "{D66975DB-7E59-4BE8-AD8D-C13E9B858F44}"
	ProjectSection(ProjectDependencies) = postProject
		{06B44D41-64A7-4F7C-82B2-6E23A3204305} = {06B44D41-64A7-4F7C-82B2-6E23A3204305}
		{54A77677-01AE-4869-83ED-7D9BFD52F9EB} = {54A77677-01AE-4869-83ED-7D9BFD52F9EB}
		{63B287A7-CEE3-4186-A65D-4E60A39BEFE7} = {63B287A7-CEE3-4186-A65D-4E60A39BEFE7}
		{001634AE-5567-412E-ACEC-6EC488026C66} = {001634AE-5567-412E-ACEC-6EC488026C66}
	EndProjectSection
EndProject
Project("{8BC9CEB8-8B4A-11D0-8D11-00A0C91BC942}") = "mxTest01_GdiOnly", "_prj_msvc2022\mxTest01_GdiOnly.vcxproj", "{001634AE-5567-412E-ACEC-6EC488026C66}"
EndProject
Project("{8BC9CEB8-8B4A-11D0-8D11-00A0C91BC942}") = "mxTest01_GdiPlus", "_prj_msvc2022\mxTest01_GdiPlus.vcxproj", "{54A77677-01AE-4869-83ED-7D9BFD52F9EB}"
EndProject
Project("{8BC9CEB8-8B4A-11D0-8D11-00A0C91BC942}") = "mxTest02_GdiOnly", "_prj_msvc2022\mxTest02_GdiOnly.vcxproj", "{06B44D41-64A7-4F7C-82B2-6E23A3204305}"
EndProject
Project("{8BC9CEB8-8B4A-11D0-8D11-00A0C91BC942}") = "mxTest02_GdiPlus", "_prj_msvc2022\mxTest02_GdiPlus.vcxproj", "{63B287A7-CEE3-4186-A65D-4E60A39BEFE7}"
EndProject
Global
	GlobalSection(SolutionConfigurationPlatforms) = preSolution
		Debug|x64 = Debug|x64
		Debug|x86 = Debug|x86
		MinSizeRel|x64 = MinSizeRel|x64
		MinSizeRel|x86 = MinSizeRel|x86
		Release|x64 = Release|x64
		Release|x86 = Release|x86
		RelWithDebInfo|x64 = RelWithDebInfo|x64
		RelWithDebInfo|x86 = RelWithDebInfo|x86
	EndGlobalSection
	GlobalSection(ProjectConfigurationPlatforms) = postSolution
		{D66975DB-7E59-4BE8-AD8D-C13E9B858F44}.Debug|x64.ActiveCfg = Debug|x64
		{D66975DB-7E59-4BE8-AD8D-C13E9B858F44}.Debug|x64.Build.0 = Debug|x64
		{D66975DB-7E59-4BE8-AD8D-C13E9B858F44}.Debug|x86.ActiveCfg = Debug|Win32
		{D66975DB-7E59-4BE8-AD8D-C13E9B858F44}.Debug|x86.Build.0 = Debug|Win32
		{D66975DB-7E59-4BE8-AD8D-C13E9B858F44}.MinSizeRel|x64.ActiveCfg = MinSizeRel|x64
		{D66975DB-7E59-4BE8-AD8D-C13E9B858F44}.MinSizeRel|x64.Build.0 = MinSizeRel|x64
		{D66975DB-7E59-4BE8-AD8D-C13E9B858F44}.MinSizeRel|x86.ActiveCfg = MinSizeRel|x64
		{D66975DB-7E59-4BE8-AD8D-C13E9B858F44}.Release|x64.ActiveCfg = Release|x64
		{D66975DB-7E59-4BE8-AD8D-C13E9B858F44}.Release|x64.Build.0 = Release|x64
		{D66975DB-7E59-4BE8-AD8D-C13E9B858F44}.Release|x86.ActiveCfg = Release|Win32
		{D66975DB-7E59-4BE8-AD8D-C13E9B858F44}.Release|x86.Build.0 = Release|Win32
		{D66975DB-7E59-4BE8-AD8D-C13E9B858F44}.RelWithDebInfo|x64.ActiveCfg = RelWithDebInfo|Win32
		{D66975DB-7E59-4BE8-AD8D-C13E9B858F44}.RelWithDebInfo|x86.ActiveCfg = RelWithDebInfo|Win32
		{D66975DB-7E59-4BE8-AD8D-C13E9B858F44}.RelWithDebInfo|x86.Build.0 = RelWithDebInfo|Win32
		{001634AE-5567-412E-ACEC-6EC488026C66}.Debug|x64.ActiveCfg = Debug|x64
		{001634AE-5567-412E-ACEC-6EC488026C66}.Debug|x64.Build.0 = Debug|x64
		{001634AE-5567-412E-ACEC-6EC488026C66}.Debug|x86.ActiveCfg = Debug|Win32
		{001634AE-5567-412E-ACEC-6EC488026C66}.Debug|x86.Build.0 = Debug|Win32
		{001634AE-5567-412E-ACEC-6EC488026C66}.MinSizeRel|x64.ActiveCfg = MinSizeRel|x64
		{001634AE-5567-412E-ACEC-6EC488026C66}.MinSizeRel|x64.Build.0 = MinSizeRel|x64
		{001634AE-5567-412E-ACEC-6EC488026C66}.MinSizeRel|x86.ActiveCfg = MinSizeRel|x64
		{001634AE-5567-412E-ACEC-6EC488026C66}.Release|x64.ActiveCfg = Release|x64
		{001634AE-5567-412E-ACEC-6EC488026C66}.Release|x64.Build.0 = Release|x64
		{001634AE-5567-412E-ACEC-6EC488026C66}.Release|x86.ActiveCfg = Release|Win32
		{001634AE-5567-412E-ACEC-6EC488026C66}.Release|x86.Build.0 = Release|Win32
		{001634AE-5567-412E-ACEC-6EC488026C66}.RelWithDebInfo|x64.ActiveCfg = RelWithDebInfo|Win32
		{001634AE-5567-412E-ACEC-6EC488026C66}.RelWithDebInfo|x86.ActiveCfg = RelWithDebInfo|Win32
		{001634AE-5567-412E-ACEC-6EC488026C66}.RelWithDebInfo|x86.Build.0 = RelWithDebInfo|Win32
		{54A77677-01AE-4869-83ED-7D9BFD52F9EB}.Debug|x64.ActiveCfg = Debug|x64
		{54A77677-01AE-4869-83ED-7D9BFD52F9EB}.Debug|x64.Build.0 = Debug|x64
		{54A77677-01AE-4869-83ED-7D9BFD52F9EB}.Debug|x86.ActiveCfg = Debug|Win32
		{54A77677-01AE-4869-83ED-7D9BFD52F9EB}.Debug|x86.Build.0 = Debug|Win32
		{54A77677-01AE-4869-83ED-7D9BFD52F9EB}.MinSizeRel|x64.ActiveCfg = MinSizeRel|x64
		{54A77677-01AE-4869-83ED-7D9BFD52F9EB}.MinSizeRel|x64.Build.0 = MinSizeRel|x64
		{54A77677-01AE-4869-83ED-7D9BFD52F9EB}.MinSizeRel|x86.ActiveCfg = MinSizeRel|x64
		{54A77677-01AE-4869-83ED-7D9BFD52F9EB}.Release|x64.ActiveCfg = Release|x64
		{54A77677-01AE-4869-83ED-7D9BFD52F9EB}.Release|x64.Build.0 = Release|x64
		{54A77677-01AE-4869-83ED-7D9BFD52F9EB}.Release|x86.ActiveCfg = Release|Win32
		{54A77677-01AE-4869-83ED-7D9BFD52F9EB}.Release|x86.Build.0 = Release|Win32
		{54A77677-01AE-4869-83ED-7D9BFD52F9EB}.RelWithDebInfo|x64.ActiveCfg = RelWithDebInfo|Win32
		{54A77677-01AE-4869-83ED-7D9BFD52F9EB}.RelWithDebInfo|x86.ActiveCfg = RelWithDebInfo|Win32
		{54A77677-01AE-4869-83ED-7D9BFD52F9EB}.RelWithDebInfo|x86.Build.0 = RelWithDebInfo|Win32
		{06B44D41-64A7-4F7C-82B2-6E23A3204305}.Debug|x64.ActiveCfg = Debug|x64
		{06B44D41-64A7-4F7C-82B2-6E23A3204305}.Debug|x64.Build.0 = Debug|x64
		{06B44D41-64A7-4F7C-82B2-6E23A3204305}.Debug|x86.ActiveCfg = Debug|Win32
		{06B44D41-64A7-4F7C-82B2-6E23A3204305}.Debug|x86.Build.0 = Debug|Win32
		{06B44D41-64A7-4F7C-82B2-6E23A3204305}.MinSizeRel|x64.ActiveCfg = MinSizeRel|x64
		{06B44D41-64A7-4F7C-82B2-6E23A3204305}.MinSizeRel|x64.Build.0 = MinSizeRel|x64
		{06B44D41-64A7-4F7C-82B2-6E23A3204305}.MinSizeRel|x86.ActiveCfg = MinSizeRel|x64
		{06B44D41-64A7-4F7C-82B2-6E23A3204305}.Release|x64.ActiveCfg = Release|x64
		{06B44D41-64A7-4F7C-82B2-6E23A3204305}.Release|x64.Build.0 = Release|x64
		{06B44D41-64A7-4F7C-82B2-6E23A3204305}.Release|x86.ActiveCfg = Release|Win32
		{06B44D41-64A7-4F7C-82B2-6E23A3204305}.Release|x86.Build.0 = Release|Win32
		{06B44D41-64A7-4F7C-82B2-6E23A3204305}.RelWithDebInfo|x64.ActiveCfg = RelWithDebInfo|Win32
		{06B44D41-64A7-4F7C-82B2-6E23A3204305}.RelWithDebInfo|x86.ActiveCfg = RelWithDebInfo|Win32
		{06B44D41-64A7-4F7C-82B2-6E23A3204305}.RelWithDebInfo|x86.Build.0 = RelWithDebInfo|Win32
		{63B287A7-CEE3-4186-A65D-4E60A39BEFE7}.Debug|x64.ActiveCfg = Debug|x64
		{63B287A7-CEE3-4186-A65D-4E60A39BEFE7}.Debug|x64.Build.0 = Debug|x64
		{63B287A7-CEE3-4186-A65D-4E60A39BEFE7}.Debug|x86.ActiveCfg = Debug|Win32
		{63B287A7-CEE3-4186-A65D-4E60A39BEFE7}.Debug|x86.Build.0 = Debug|Win32
		{63B287A7-CEE3-4186-A65D-4E60A39BEFE7}.MinSizeRel|x64.ActiveCfg = MinSizeRel|x64
		{63B287A7-CEE3-4186-A65D-4E60A39BEFE7}.MinSizeRel|x64.Build.0 = MinSizeRel|x64
		{63B287A7-CEE3-4186-A65D-4E60A39BEFE7}.MinSizeRel|x86.ActiveCfg = MinSizeRel|x64
		{63B287A7-CEE3-4186-A65D-4E60A39BEFE7}.Release|x64.ActiveCfg = Release|x64
		{63B287A7-CEE3-4186-A65D-4E60A39BEFE7}.Release|x64.Build.0 = Release|x64
		{63B287A7-CEE3-4186-A65D-4E60A39BEFE7}.Release|x86.ActiveCfg = Release|Win32
		{63B287A7-CEE3-4186-A65D-4E60A39BEFE7}.Release|x86.Build.0 = Release|Win32
		{63B287A7-CEE3-4186-A65D-4E60A39BEFE7}.RelWithDebInfo|x64.ActiveCfg = RelWithDebInfo|Win32
		{63B287A7-CEE3-4186-A65D-4E60A39BEFE7}.RelWithDebInfo|x86.ActiveCfg = RelWithDebInfo|Win32
		{63B287A7-CEE3-4186-A65D-4E60A39BEFE7}.RelWithDebInfo|x86.Build.0 = RelWithDebInfo|Win32
	EndGlobalSection
	GlobalSection(SolutionProperties) = preSolution
		HideSolutionNode = FALSE
	EndGlobalSection
	GlobalSection(ExtensibilityGlobals) = postSolution
		SolutionGuid = {2CB016FC-6F74-4A94-AB39-EF294F8FFB20}
	EndGlobalSection
EndGlobal
